
Microsoft Visual Studio Solution File, Format Version 11.00
# Visual Studio 2010
Project("{8BC9CEB8-8B4A-11D0-8D11-00A0C91BC942}") = "horspool", "horspool\horspool.vcxproj", "{1867CACA-E6F4-42E4-A585-624CEE416F6F}"
EndProject
Project("{FAE04EC0-301F-11D3-BF4B-00C04F79EFBC}") = "Grafika", "Grafika\Grafika.csproj", "{FB218C61-8151-4859-BDA0-7B4E1A135019}"
EndProject
Global
	GlobalSection(SolutionConfigurationPlatforms) = preSolution
		Debug|Mixed Platforms = Debug|Mixed Platforms
		Debug|Win32 = Debug|Win32
		Debug|x86 = Debug|x86
		Release|Mixed Platforms = Release|Mixed Platforms
		Release|Win32 = Release|Win32
		Release|x86 = Release|x86
	EndGlobalSection
	GlobalSection(ProjectConfigurationPlatforms) = postSolution
		{1867CACA-E6F4-42E4-A585-624CEE416F6F}.Debug|Mixed Platforms.ActiveCfg = Debug|Win32
		{1867CACA-E6F4-42E4-A585-624CEE416F6F}.Debug|Mixed Platforms.Build.0 = Debug|Win32
		{1867CACA-E6F4-42E4-A585-624CEE416F6F}.Debug|Win32.ActiveCfg = Debug|Win32
		{1867CACA-E6F4-42E4-A585-624CEE416F6F}.Debug|Win32.Build.0 = Debug|Win32
		{1867CACA-E6F4-42E4-A585-624CEE416F6F}.Debug|x86.ActiveCfg = Debug|Win32
		{1867CACA-E6F4-42E4-A585-624CEE416F6F}.Release|Mixed Platforms.ActiveCfg = Release|Win32
		{1867CACA-E6F4-42E4-A585-624CEE416F6F}.Release|Mixed Platforms.Build.0 = Release|Win32
		{1867CACA-E6F4-42E4-A585-624CEE416F6F}.Release|Win32.ActiveCfg = Release|Win32
		{1867CACA-E6F4-42E4-A585-624CEE416F6F}.Release|Win32.Build.0 = Release|Win32
		{1867CACA-E6F4-42E4-A585-624CEE416F6F}.Release|x86.ActiveCfg = Release|Win32
		{FB218C61-8151-4859-BDA0-7B4E1A135019}.Debug|Mixed Platforms.ActiveCfg = Debug|x86
		{FB218C61-8151-4859-BDA0-7B4E1A135019}.Debug|Mixed Platforms.Build.0 = Debug|x86
		{FB218C61-8151-4859-BDA0-7B4E1A135019}.Debug|Win32.ActiveCfg = Debug|x86
		{FB218C61-8151-4859-BDA0-7B4E1A135019}.Debug|x86.ActiveCfg = Debug|x86
		{FB218C61-8151-4859-BDA0-7B4E1A135019}.Debug|x86.Build.0 = Debug|x86
		{FB218C61-8151-4859-BDA0-7B4E1A135019}.Release|Mixed Platforms.ActiveCfg = Release|x86
		{FB218C61-8151-4859-BDA0-7B4E1A135019}.Release|Mixed Platforms.Build.0 = Release|x86
		{FB218C61-8151-4859-BDA0-7B4E1A135019}.Release|Win32.ActiveCfg = Release|x86
		{FB218C61-8151-4859-BDA0-7B4E1A135019}.Release|x86.ActiveCfg = Release|x86
		{FB218C61-8151-4859-BDA0-7B4E1A135019}.Release|x86.Build.0 = Release|x86
	EndGlobalSection
	GlobalSection(SolutionProperties) = preSolution
		HideSolutionNode = FALSE
	EndGlobalSection
EndGlobal
